
Microsoft Visual Studio Solution File, Format Version 12.00
# Visual Studio 15
VisualStudioVersion = 15.0.26730.15
MinimumVisualStudioVersion = 10.0.40219.1
Project("{FAE04EC0-301F-11D3-BF4B-00C04F79EFBC}") = "The Gym", "The Gym.csproj", "{53DF57C7-90EA-3ADB-670A-DFFD75F4FC6A}"
EndProject
Project("{2150E333-8FDC-42A3-9474-1A3956D46DE8}") = "Solution Items", "Solution Items", "{DA65A0CA-3CCD-4BD6-9736-BC783BEF9B07}"
	ProjectSection(SolutionItems) = preProject
		CHANGELOG.md = CHANGELOG.md
		README.md = README.md
	EndProjectSection
EndProject
Global
	GlobalSection(SolutionConfigurationPlatforms) = preSolution
		Debug|Any CPU = Debug|Any CPU
		Release|Any CPU = Release|Any CPU
	EndGlobalSection
	GlobalSection(ProjectConfigurationPlatforms) = postSolution
		{53DF57C7-90EA-3ADB-670A-DFFD75F4FC6A}.Debug|Any CPU.ActiveCfg = Debug|Any CPU
		{53DF57C7-90EA-3ADB-670A-DFFD75F4FC6A}.Debug|Any CPU.Build.0 = Debug|Any CPU
		{53DF57C7-90EA-3ADB-670A-DFFD75F4FC6A}.Release|Any CPU.ActiveCfg = Release|Any CPU
		{53DF57C7-90EA-3ADB-670A-DFFD75F4FC6A}.Release|Any CPU.Build.0 = Release|Any CPU
	EndGlobalSection
	GlobalSection(SolutionProperties) = preSolution
		HideSolutionNode = FALSE
	EndGlobalSection
	GlobalSection(ExtensibilityGlobals) = postSolution
		SolutionGuid = {8E73BAAB-870E-44C3-B68E-93544EAF7100}
	EndGlobalSection
EndGlobal
